
Microsoft Visual Studio Solution File, Format Version 12.00
# Visual Studio 15
Project("{FAE04EC0-301F-11D3-BF4B-00C04F79EFBC}") = "Assembly-CSharp", "Assembly-CSharp.csproj", "{EB992B91-FF0D-4D60-0754-C732C7217D2C}"
EndProject
Project("{FAE04EC0-301F-11D3-BF4B-00C04F79EFBC}") = "Assembly-CSharp-Editor", "Assembly-CSharp-Editor.csproj", "{59E6644C-A09D-3DF5-B06B-26E0B0E3E624}"
EndProject
Project("{FAE04EC0-301F-11D3-BF4B-00C04F79EFBC}") = "Assembly-CSharp-Editor-firstpass", "Assembly-CSharp-Editor-firstpass.csproj", "{ED627560-1B4D-FE27-BE2C-378A933F7179}"
EndProject
Global
	GlobalSection(SolutionConfigurationPlatforms) = preSolution
		Debug|Any CPU = Debug|Any CPU
		Release|Any CPU = Release|Any CPU
	EndGlobalSection
	GlobalSection(ProjectConfigurationPlatforms) = postSolution
		{EB992B91-FF0D-4D60-0754-C732C7217D2C}.Debug|Any CPU.ActiveCfg = Debug|Any CPU
		{EB992B91-FF0D-4D60-0754-C732C7217D2C}.Debug|Any CPU.Build.0 = Debug|Any CPU
		{EB992B91-FF0D-4D60-0754-C732C7217D2C}.Release|Any CPU.ActiveCfg = Release|Any CPU
		{EB992B91-FF0D-4D60-0754-C732C7217D2C}.Release|Any CPU.Build.0 = Release|Any CPU
		{59E6644C-A09D-3DF5-B06B-26E0B0E3E624}.Debug|Any CPU.ActiveCfg = Debug|Any CPU
		{59E6644C-A09D-3DF5-B06B-26E0B0E3E624}.Debug|Any CPU.Build.0 = Debug|Any CPU
		{59E6644C-A09D-3DF5-B06B-26E0B0E3E624}.Release|Any CPU.ActiveCfg = Release|Any CPU
		{59E6644C-A09D-3DF5-B06B-26E0B0E3E624}.Release|Any CPU.Build.0 = Release|Any CPU
		{ED627560-1B4D-FE27-BE2C-378A933F7179}.Debug|Any CPU.ActiveCfg = Debug|Any CPU
		{ED627560-1B4D-FE27-BE2C-378A933F7179}.Debug|Any CPU.Build.0 = Debug|Any CPU
		{ED627560-1B4D-FE27-BE2C-378A933F7179}.Release|Any CPU.ActiveCfg = Release|Any CPU
		{ED627560-1B4D-FE27-BE2C-378A933F7179}.Release|Any CPU.Build.0 = Release|Any CPU
	EndGlobalSection
	GlobalSection(SolutionProperties) = preSolution
		HideSolutionNode = FALSE
	EndGlobalSection
EndGlobal
